
Microsoft Visual Studio Solution File, Format Version 12.00
# Visual Studio Version 16
VisualStudioVersion = 25.0.1705.4
MinimumVisualStudioVersion = 10.0.40219.1
Project("{FAE04EC0-301F-11D3-BF4B-00C04F79EFBC}") = "session5", "session5\session5.csproj", "{FEF8E9D6-49AB-4B56-AAAD-3465E7738D0A}"
EndProject
Global
	GlobalSection(SolutionConfigurationPlatforms) = preSolution
		Debug|Any CPU = Debug|Any CPU
		Release|Any CPU = Release|Any CPU
	EndGlobalSection
	GlobalSection(ProjectConfigurationPlatforms) = postSolution
		{FEF8E9D6-49AB-4B56-AAAD-3465E7738D0A}.Debug|Any CPU.ActiveCfg = Debug|Any CPU
		{FEF8E9D6-49AB-4B56-AAAD-3465E7738D0A}.Debug|Any CPU.Build.0 = Debug|Any CPU
		{FEF8E9D6-49AB-4B56-AAAD-3465E7738D0A}.Release|Any CPU.ActiveCfg = Release|Any CPU
		{FEF8E9D6-49AB-4B56-AAAD-3465E7738D0A}.Release|Any CPU.Build.0 = Release|Any CPU
	EndGlobalSection
	GlobalSection(SolutionProperties) = preSolution
		HideSolutionNode = FALSE
	EndGlobalSection
	GlobalSection(ExtensibilityGlobals) = postSolution
		SolutionGuid = {B7F09530-2948-4D2B-9E58-8D703B3935BA}
	EndGlobalSection
EndGlobal
